// !$*UTF8*$!
{
	archiveVersion = 1;
	classes = {
	};
	objectVersion = 46;
	objects = {

/* Begin PBXBuildFile section */
		AD09436F1967230B00CAB095 /* GUCWebImageCell.m in Sources */ = {isa = PBXBuildFile; fileRef = AD09436E1967230B00CAB095 /* GUCWebImageCell.m */; };
		AD2270F7195C50A9002B179A /* STFU_UIAccessibilityLoader.m in Sources */ = {isa = PBXBuildFile; fileRef = AD2270F6195C50A9002B179A /* STFU_UIAccessibilityLoader.m */; };
		AD6AFA57195F2CB80064090E /* GUCSketchingVC.m in Sources */ = {isa = PBXBuildFile; fileRef = AD6AFA56195F2CB80064090E /* GUCSketchingVC.m */; };
		AD6AFA5C195F49E60064090E /* GUCSketchingView.m in Sources */ = {isa = PBXBuildFile; fileRef = AD6AFA5B195F49E60064090E /* GUCSketchingView.m */; };
		AD6AFA6A195F52270064090E /* GUCSketchingTools.m in Sources */ = {isa = PBXBuildFile; fileRef = AD6AFA69195F52270064090E /* GUCSketchingTools.m */; };
		AD7624B1195865140044366D /* GUCWebImagesIndexVC.m in Sources */ = {isa = PBXBuildFile; fileRef = AD7624B0195865140044366D /* GUCWebImagesIndexVC.m */; };
		AD7624B4195879D20044366D /* Podfile in Resources */ = {isa = PBXBuildFile; fileRef = AD7624B3195879D20044366D /* Podfile */; };
		AD98E7AE196EEB3300DAFFB5 /* CoreData.framework in Frameworks */ = {isa = PBXBuildFile; fileRef = AD98E7AD196EEB3300DAFFB5 /* CoreData.framework */; };
		AD98E7B4196EEB8500DAFFB5 /* Creative_Hub.xcdatamodeld in Sources */ = {isa = PBXBuildFile; fileRef = AD98E7B2196EEB8500DAFFB5 /* Creative_Hub.xcdatamodeld */; };
		AD98E7B7196EEC3500DAFFB5 /* GUCCoreDataStack.m in Sources */ = {isa = PBXBuildFile; fileRef = AD98E7B6196EEC3500DAFFB5 /* GUCCoreDataStack.m */; };
		AD98E80F196EF7B300DAFFB5 /* GUCViewUtility.m in Sources */ = {isa = PBXBuildFile; fileRef = AD98E80E196EF7B300DAFFB5 /* GUCViewUtility.m */; };
		AD98E83C196F0EA200DAFFB5 /* GUCSketchSave.m in Sources */ = {isa = PBXBuildFile; fileRef = AD98E83B196F0EA200DAFFB5 /* GUCSketchSave.m */; };
		AD98E83F196F0EA200DAFFB5 /* GUCSketchSaveDetail.m in Sources */ = {isa = PBXBuildFile; fileRef = AD98E83E196F0EA200DAFFB5 /* GUCSketchSaveDetail.m */; };
		AD98E88D19703C5B00DAFFB5 /* GUCCollectionViewDataSource.m in Sources */ = {isa = PBXBuildFile; fileRef = AD98E88C19703C5B00DAFFB5 /* GUCCollectionViewDataSource.m */; };
		AD98E89319703E8300DAFFB5 /* GUCAlbumCell.m in Sources */ = {isa = PBXBuildFile; fileRef = AD98E89219703E8300DAFFB5 /* GUCAlbumCell.m */; };
		ADA38F271961C679000420EE /* GUCLayerCell.m in Sources */ = {isa = PBXBuildFile; fileRef = ADA38F261961C679000420EE /* GUCLayerCell.m */; };
		ADA38F2A1961C6B2000420EE /* GUCLayersVC.m in Sources */ = {isa = PBXBuildFile; fileRef = ADA38F291961C6B2000420EE /* GUCLayersVC.m */; };
		ADA38F2D1961C975000420EE /* GUCLayer.m in Sources */ = {isa = PBXBuildFile; fileRef = ADA38F2C1961C975000420EE /* GUCLayer.m */; };
		ADA40BCA196A0438005603F4 /* GUCColorPickerVC.m in Sources */ = {isa = PBXBuildFile; fileRef = ADA40BC9196A0438005603F4 /* GUCColorPickerVC.m */; };
		ADE09CE4195744D500EDA814 /* Foundation.framework in Frameworks */ = {isa = PBXBuildFile; fileRef = ADE09CE3195744D500EDA814 /* Foundation.framework */; };
		ADE09CE6195744D500EDA814 /* CoreGraphics.framework in Frameworks */ = {isa = PBXBuildFile; fileRef = ADE09CE5195744D500EDA814 /* CoreGraphics.framework */; };
		ADE09CE8195744D500EDA814 /* UIKit.framework in Frameworks */ = {isa = PBXBuildFile; fileRef = ADE09CE7195744D500EDA814 /* UIKit.framework */; };
		ADE09CEE195744D500EDA814 /* InfoPlist.strings in Resources */ = {isa = PBXBuildFile; fileRef = ADE09CEC195744D500EDA814 /* InfoPlist.strings */; };
		ADE09CF0195744D500EDA814 /* main.m in Sources */ = {isa = PBXBuildFile; fileRef = ADE09CEF195744D500EDA814 /* main.m */; };
		ADE09CF4195744D500EDA814 /* GUCAppDelegate.m in Sources */ = {isa = PBXBuildFile; fileRef = ADE09CF3195744D500EDA814 /* GUCAppDelegate.m */; };
		ADE09CF7195744D500EDA814 /* Main.storyboard in Resources */ = {isa = PBXBuildFile; fileRef = ADE09CF5195744D500EDA814 /* Main.storyboard */; };
		ADE09CFC195744D500EDA814 /* Images.xcassets in Resources */ = {isa = PBXBuildFile; fileRef = ADE09CFB195744D500EDA814 /* Images.xcassets */; };
		ADE09D03195744D500EDA814 /* XCTest.framework in Frameworks */ = {isa = PBXBuildFile; fileRef = ADE09D02195744D500EDA814 /* XCTest.framework */; };
		ADE09D04195744D500EDA814 /* Foundation.framework in Frameworks */ = {isa = PBXBuildFile; fileRef = ADE09CE3195744D500EDA814 /* Foundation.framework */; };
		ADE09D05195744D500EDA814 /* UIKit.framework in Frameworks */ = {isa = PBXBuildFile; fileRef = ADE09CE7195744D500EDA814 /* UIKit.framework */; };
		ADE09D0D195744D500EDA814 /* InfoPlist.strings in Resources */ = {isa = PBXBuildFile; fileRef = ADE09D0B195744D500EDA814 /* InfoPlist.strings */; };
		ADE09D0F195744D500EDA814 /* Creative_HubTests.m in Sources */ = {isa = PBXBuildFile; fileRef = ADE09D0E195744D500EDA814 /* Creative_HubTests.m */; };
		ADE09D1D19574CC000EDA814 /* GUCAlbumVC.m in Sources */ = {isa = PBXBuildFile; fileRef = ADE09D1C19574CC000EDA814 /* GUCAlbumVC.m */; };
		D2B70BC6F2254A91BCAA578F /* libPods.a in Frameworks */ = {isa = PBXBuildFile; fileRef = 1D77226D6E0E4696B7802206 /* libPods.a */; };
/* End PBXBuildFile section */

/* Begin PBXContainerItemProxy section */
		ADE09D06195744D500EDA814 /* PBXContainerItemProxy */ = {
			isa = PBXContainerItemProxy;
			containerPortal = ADE09CD8195744D500EDA814 /* Project object */;
			proxyType = 1;
			remoteGlobalIDString = ADE09CDF195744D500EDA814;
			remoteInfo = "Creative Hub";
		};
/* End PBXContainerItemProxy section */

/* Begin PBXFileReference section */
		1D77226D6E0E4696B7802206 /* libPods.a */ = {isa = PBXFileReference; explicitFileType = archive.ar; includeInIndex = 0; path = libPods.a; sourceTree = BUILT_PRODUCTS_DIR; };
		AD09436D1967230B00CAB095 /* GUCWebImageCell.h */ = {isa = PBXFileReference; fileEncoding = 4; lastKnownFileType = sourcecode.c.h; path = GUCWebImageCell.h; sourceTree = "<group>"; };
		AD09436E1967230B00CAB095 /* GUCWebImageCell.m */ = {isa = PBXFileReference; fileEncoding = 4; lastKnownFileType = sourcecode.c.objc; path = GUCWebImageCell.m; sourceTree = "<group>"; };
		AD2270F6195C50A9002B179A /* STFU_UIAccessibilityLoader.m */ = {isa = PBXFileReference; fileEncoding = 4; lastKnownFileType = sourcecode.c.objc; path = STFU_UIAccessibilityLoader.m; sourceTree = "<group>"; };
		AD6AFA55195F2CB80064090E /* GUCSketchingVC.h */ = {isa = PBXFileReference; fileEncoding = 4; lastKnownFileType = sourcecode.c.h; path = GUCSketchingVC.h; sourceTree = "<group>"; };
		AD6AFA56195F2CB80064090E /* GUCSketchingVC.m */ = {isa = PBXFileReference; fileEncoding = 4; lastKnownFileType = sourcecode.c.objc; path = GUCSketchingVC.m; sourceTree = "<group>"; };
		AD6AFA5A195F49E60064090E /* GUCSketchingView.h */ = {isa = PBXFileReference; fileEncoding = 4; lastKnownFileType = sourcecode.c.h; path = GUCSketchingView.h; sourceTree = "<group>"; };
		AD6AFA5B195F49E60064090E /* GUCSketchingView.m */ = {isa = PBXFileReference; fileEncoding = 4; lastKnownFileType = sourcecode.c.objc; path = GUCSketchingView.m; sourceTree = "<group>"; };
		AD6AFA68195F52270064090E /* GUCSketchingTools.h */ = {isa = PBXFileReference; fileEncoding = 4; lastKnownFileType = sourcecode.c.h; path = GUCSketchingTools.h; sourceTree = "<group>"; };
		AD6AFA69195F52270064090E /* GUCSketchingTools.m */ = {isa = PBXFileReference; fileEncoding = 4; lastKnownFileType = sourcecode.c.objc; path = GUCSketchingTools.m; sourceTree = "<group>"; };
		AD7624AF195865140044366D /* GUCWebImagesIndexVC.h */ = {isa = PBXFileReference; fileEncoding = 4; lastKnownFileType = sourcecode.c.h; name = GUCWebImagesIndexVC.h; path = ../GUCWebImagesIndexVC.h; sourceTree = "<group>"; };
		AD7624B0195865140044366D /* GUCWebImagesIndexVC.m */ = {isa = PBXFileReference; fileEncoding = 4; lastKnownFileType = sourcecode.c.objc; name = GUCWebImagesIndexVC.m; path = ../GUCWebImagesIndexVC.m; sourceTree = "<group>"; };
		AD7624B3195879D20044366D /* Podfile */ = {isa = PBXFileReference; fileEncoding = 4; lastKnownFileType = text; path = Podfile; sourceTree = "<group>"; xcLanguageSpecificationIdentifier = xcode.lang.ruby; };
		AD98E7AD196EEB3300DAFFB5 /* CoreData.framework */ = {isa = PBXFileReference; lastKnownFileType = wrapper.framework; name = CoreData.framework; path = System/Library/Frameworks/CoreData.framework; sourceTree = SDKROOT; };
		AD98E7B3196EEB8500DAFFB5 /* Creative_Hub.xcdatamodel */ = {isa = PBXFileReference; lastKnownFileType = wrapper.xcdatamodel; path = Creative_Hub.xcdatamodel; sourceTree = "<group>"; };
		AD98E7B5196EEC3500DAFFB5 /* GUCCoreDataStack.h */ = {isa = PBXFileReference; fileEncoding = 4; lastKnownFileType = sourcecode.c.h; path = GUCCoreDataStack.h; sourceTree = "<group>"; };
		AD98E7B6196EEC3500DAFFB5 /* GUCCoreDataStack.m */ = {isa = PBXFileReference; fileEncoding = 4; lastKnownFileType = sourcecode.c.objc; path = GUCCoreDataStack.m; sourceTree = "<group>"; };
		AD98E80D196EF7B300DAFFB5 /* GUCViewUtility.h */ = {isa = PBXFileReference; fileEncoding = 4; lastKnownFileType = sourcecode.c.h; path = GUCViewUtility.h; sourceTree = "<group>"; };
		AD98E80E196EF7B300DAFFB5 /* GUCViewUtility.m */ = {isa = PBXFileReference; fileEncoding = 4; lastKnownFileType = sourcecode.c.objc; path = GUCViewUtility.m; sourceTree = "<group>"; };
		AD98E83A196F0EA200DAFFB5 /* GUCSketchSave.h */ = {isa = PBXFileReference; fileEncoding = 4; lastKnownFileType = sourcecode.c.h; path = GUCSketchSave.h; sourceTree = "<group>"; };
		AD98E83B196F0EA200DAFFB5 /* GUCSketchSave.m */ = {isa = PBXFileReference; fileEncoding = 4; lastKnownFileType = sourcecode.c.objc; path = GUCSketchSave.m; sourceTree = "<group>"; };
		AD98E83D196F0EA200DAFFB5 /* GUCSketchSaveDetail.h */ = {isa = PBXFileReference; fileEncoding = 4; lastKnownFileType = sourcecode.c.h; path = GUCSketchSaveDetail.h; sourceTree = "<group>"; };
		AD98E83E196F0EA200DAFFB5 /* GUCSketchSaveDetail.m */ = {isa = PBXFileReference; fileEncoding = 4; lastKnownFileType = sourcecode.c.objc; path = GUCSketchSaveDetail.m; sourceTree = "<group>"; };
		AD98E88B19703C5B00DAFFB5 /* GUCCollectionViewDataSource.h */ = {isa = PBXFileReference; fileEncoding = 4; lastKnownFileType = sourcecode.c.h; path = GUCCollectionViewDataSource.h; sourceTree = "<group>"; };
		AD98E88C19703C5B00DAFFB5 /* GUCCollectionViewDataSource.m */ = {isa = PBXFileReference; fileEncoding = 4; lastKnownFileType = sourcecode.c.objc; path = GUCCollectionViewDataSource.m; sourceTree = "<group>"; };
		AD98E89119703E8300DAFFB5 /* GUCAlbumCell.h */ = {isa = PBXFileReference; fileEncoding = 4; lastKnownFileType = sourcecode.c.h; path = GUCAlbumCell.h; sourceTree = "<group>"; };
		AD98E89219703E8300DAFFB5 /* GUCAlbumCell.m */ = {isa = PBXFileReference; fileEncoding = 4; lastKnownFileType = sourcecode.c.objc; path = GUCAlbumCell.m; sourceTree = "<group>"; };
		ADA38F251961C679000420EE /* GUCLayerCell.h */ = {isa = PBXFileReference; fileEncoding = 4; lastKnownFileType = sourcecode.c.h; path = GUCLayerCell.h; sourceTree = "<group>"; };
		ADA38F261961C679000420EE /* GUCLayerCell.m */ = {isa = PBXFileReference; fileEncoding = 4; lastKnownFileType = sourcecode.c.objc; path = GUCLayerCell.m; sourceTree = "<group>"; };
		ADA38F281961C6B2000420EE /* GUCLayersVC.h */ = {isa = PBXFileReference; fileEncoding = 4; lastKnownFileType = sourcecode.c.h; path = GUCLayersVC.h; sourceTree = "<group>"; };
		ADA38F291961C6B2000420EE /* GUCLayersVC.m */ = {isa = PBXFileReference; fileEncoding = 4; lastKnownFileType = sourcecode.c.objc; path = GUCLayersVC.m; sourceTree = "<group>"; };
		ADA38F2B1961C975000420EE /* GUCLayer.h */ = {isa = PBXFileReference; fileEncoding = 4; lastKnownFileType = sourcecode.c.h; path = GUCLayer.h; sourceTree = "<group>"; };
		ADA38F2C1961C975000420EE /* GUCLayer.m */ = {isa = PBXFileReference; fileEncoding = 4; lastKnownFileType = sourcecode.c.objc; path = GUCLayer.m; sourceTree = "<group>"; };
		ADA40BC8196A0438005603F4 /* GUCColorPickerVC.h */ = {isa = PBXFileReference; fileEncoding = 4; lastKnownFileType = sourcecode.c.h; path = GUCColorPickerVC.h; sourceTree = "<group>"; };
		ADA40BC9196A0438005603F4 /* GUCColorPickerVC.m */ = {isa = PBXFileReference; fileEncoding = 4; lastKnownFileType = sourcecode.c.objc; path = GUCColorPickerVC.m; sourceTree = "<group>"; };
		ADE09CE0195744D500EDA814 /* Creative Hub.app */ = {isa = PBXFileReference; explicitFileType = wrapper.application; includeInIndex = 0; path = "Creative Hub.app"; sourceTree = BUILT_PRODUCTS_DIR; };
		ADE09CE3195744D500EDA814 /* Foundation.framework */ = {isa = PBXFileReference; lastKnownFileType = wrapper.framework; name = Foundation.framework; path = System/Library/Frameworks/Foundation.framework; sourceTree = SDKROOT; };
		ADE09CE5195744D500EDA814 /* CoreGraphics.framework */ = {isa = PBXFileReference; lastKnownFileType = wrapper.framework; name = CoreGraphics.framework; path = System/Library/Frameworks/CoreGraphics.framework; sourceTree = SDKROOT; };
		ADE09CE7195744D500EDA814 /* UIKit.framework */ = {isa = PBXFileReference; lastKnownFileType = wrapper.framework; name = UIKit.framework; path = System/Library/Frameworks/UIKit.framework; sourceTree = SDKROOT; };
		ADE09CEB195744D500EDA814 /* Creative Hub-Info.plist */ = {isa = PBXFileReference; lastKnownFileType = text.plist.xml; path = "Creative Hub-Info.plist"; sourceTree = "<group>"; };
		ADE09CED195744D500EDA814 /* en */ = {isa = PBXFileReference; lastKnownFileType = text.plist.strings; name = en; path = en.lproj/InfoPlist.strings; sourceTree = "<group>"; };
		ADE09CEF195744D500EDA814 /* main.m */ = {isa = PBXFileReference; lastKnownFileType = sourcecode.c.objc; path = main.m; sourceTree = "<group>"; };
		ADE09CF1195744D500EDA814 /* Creative Hub-Prefix.pch */ = {isa = PBXFileReference; lastKnownFileType = sourcecode.c.h; path = "Creative Hub-Prefix.pch"; sourceTree = "<group>"; };
		ADE09CF2195744D500EDA814 /* GUCAppDelegate.h */ = {isa = PBXFileReference; lastKnownFileType = sourcecode.c.h; path = GUCAppDelegate.h; sourceTree = "<group>"; };
		ADE09CF3195744D500EDA814 /* GUCAppDelegate.m */ = {isa = PBXFileReference; lastKnownFileType = sourcecode.c.objc; path = GUCAppDelegate.m; sourceTree = "<group>"; };
		ADE09CF6195744D500EDA814 /* Base */ = {isa = PBXFileReference; lastKnownFileType = file.storyboard; name = Base; path = Base.lproj/Main.storyboard; sourceTree = "<group>"; };
		ADE09CFB195744D500EDA814 /* Images.xcassets */ = {isa = PBXFileReference; lastKnownFileType = folder.assetcatalog; path = Images.xcassets; sourceTree = "<group>"; };
		ADE09D01195744D500EDA814 /* Creative HubTests.xctest */ = {isa = PBXFileReference; explicitFileType = wrapper.cfbundle; includeInIndex = 0; path = "Creative HubTests.xctest"; sourceTree = BUILT_PRODUCTS_DIR; };
		ADE09D02195744D500EDA814 /* XCTest.framework */ = {isa = PBXFileReference; lastKnownFileType = wrapper.framework; name = XCTest.framework; path = Library/Frameworks/XCTest.framework; sourceTree = DEVELOPER_DIR; };
		ADE09D0A195744D500EDA814 /* Creative HubTests-Info.plist */ = {isa = PBXFileReference; lastKnownFileType = text.plist.xml; path = "Creative HubTests-Info.plist"; sourceTree = "<group>"; };
		ADE09D0C195744D500EDA814 /* en */ = {isa = PBXFileReference; lastKnownFileType = text.plist.strings; name = en; path = en.lproj/InfoPlist.strings; sourceTree = "<group>"; };
		ADE09D0E195744D500EDA814 /* Creative_HubTests.m */ = {isa = PBXFileReference; lastKnownFileType = sourcecode.c.objc; path = Creative_HubTests.m; sourceTree = "<group>"; };
		ADE09D1B19574CC000EDA814 /* GUCAlbumVC.h */ = {isa = PBXFileReference; fileEncoding = 4; lastKnownFileType = sourcecode.c.h; path = GUCAlbumVC.h; sourceTree = "<group>"; };
		ADE09D1C19574CC000EDA814 /* GUCAlbumVC.m */ = {isa = PBXFileReference; fileEncoding = 4; lastKnownFileType = sourcecode.c.objc; path = GUCAlbumVC.m; sourceTree = "<group>"; };
		ADE09D2F1957661F00EDA814 /* libxml2.dylib */ = {isa = PBXFileReference; lastKnownFileType = "compiled.mach-o.dylib"; name = libxml2.dylib; path = usr/lib/libxml2.dylib; sourceTree = SDKROOT; };
		C55A1ACEF2EF4E68A16EB308 /* Pods.xcconfig */ = {isa = PBXFileReference; includeInIndex = 1; lastKnownFileType = text.xcconfig; name = Pods.xcconfig; path = Pods/Pods.xcconfig; sourceTree = "<group>"; };
/* End PBXFileReference section */

/* Begin PBXFrameworksBuildPhase section */
		ADE09CDD195744D500EDA814 /* Frameworks */ = {
			isa = PBXFrameworksBuildPhase;
			buildActionMask = 2147483647;
			files = (
				AD98E7AE196EEB3300DAFFB5 /* CoreData.framework in Frameworks */,
				ADE09CE6195744D500EDA814 /* CoreGraphics.framework in Frameworks */,
				ADE09CE8195744D500EDA814 /* UIKit.framework in Frameworks */,
				ADE09CE4195744D500EDA814 /* Foundation.framework in Frameworks */,
				D2B70BC6F2254A91BCAA578F /* libPods.a in Frameworks */,
			);
			runOnlyForDeploymentPostprocessing = 0;
		};
		ADE09CFE195744D500EDA814 /* Frameworks */ = {
			isa = PBXFrameworksBuildPhase;
			buildActionMask = 2147483647;
			files = (
				ADE09D03195744D500EDA814 /* XCTest.framework in Frameworks */,
				ADE09D05195744D500EDA814 /* UIKit.framework in Frameworks */,
				ADE09D04195744D500EDA814 /* Foundation.framework in Frameworks */,
			);
			runOnlyForDeploymentPostprocessing = 0;
		};
/* End PBXFrameworksBuildPhase section */

/* Begin PBXGroup section */
		AD09436B196722D700CAB095 /* Sketching */ = {
			isa = PBXGroup;
			children = (
				AD6AFA5A195F49E60064090E /* GUCSketchingView.h */,
				AD6AFA5B195F49E60064090E /* GUCSketchingView.m */,
				ADA38F251961C679000420EE /* GUCLayerCell.h */,
				ADA38F261961C679000420EE /* GUCLayerCell.m */,
			);
			name = Sketching;
			sourceTree = "<group>";
		};
		AD09436C196722E200CAB095 /* Web Image Retrieve */ = {
			isa = PBXGroup;
			children = (
				AD09436D1967230B00CAB095 /* GUCWebImageCell.h */,
				AD09436E1967230B00CAB095 /* GUCWebImageCell.m */,
			);
			name = "Web Image Retrieve";
			sourceTree = "<group>";
		};
		AD6AFA58195F2CCF0064090E /* Sketching */ = {
			isa = PBXGroup;
			children = (
				AD6AFA55195F2CB80064090E /* GUCSketchingVC.h */,
				AD6AFA56195F2CB80064090E /* GUCSketchingVC.m */,
				ADA38F281961C6B2000420EE /* GUCLayersVC.h */,
				ADA38F291961C6B2000420EE /* GUCLayersVC.m */,
				ADA40BC8196A0438005603F4 /* GUCColorPickerVC.h */,
				ADA40BC9196A0438005603F4 /* GUCColorPickerVC.m */,
			);
			name = Sketching;
			sourceTree = "<group>";
		};
		AD6AFA59195F2EA90064090E /* Views */ = {
			isa = PBXGroup;
			children = (
				AD98E89019703E6B00DAFFB5 /* Album */,
				AD09436C196722E200CAB095 /* Web Image Retrieve */,
				AD09436B196722D700CAB095 /* Sketching */,
				AD98E80C196EF79A00DAFFB5 /* Helper */,
			);
			name = Views;
			sourceTree = "<group>";
		};
		AD6AFA5D195F50CE0064090E /* Models */ = {
			isa = PBXGroup;
			children = (
				AD98E80B196EF38F00DAFFB5 /* Core Data */,
				AD6AFA68195F52270064090E /* GUCSketchingTools.h */,
				AD6AFA69195F52270064090E /* GUCSketchingTools.m */,
				ADA38F2B1961C975000420EE /* GUCLayer.h */,
				ADA38F2C1961C975000420EE /* GUCLayer.m */,
				AD98E88B19703C5B00DAFFB5 /* GUCCollectionViewDataSource.h */,
				AD98E88C19703C5B00DAFFB5 /* GUCCollectionViewDataSource.m */,
			);
			name = Models;
			sourceTree = "<group>";
		};
		AD7624B2195865210044366D /* Web Image Retrieve */ = {
			isa = PBXGroup;
			children = (
				AD7624AF195865140044366D /* GUCWebImagesIndexVC.h */,
				AD7624B0195865140044366D /* GUCWebImagesIndexVC.m */,
			);
			name = "Web Image Retrieve";
			sourceTree = "<group>";
		};
		AD98E80B196EF38F00DAFFB5 /* Core Data */ = {
			isa = PBXGroup;
			children = (
				AD98E7B2196EEB8500DAFFB5 /* Creative_Hub.xcdatamodeld */,
				AD98E83D196F0EA200DAFFB5 /* GUCSketchSaveDetail.h */,
				AD98E83E196F0EA200DAFFB5 /* GUCSketchSaveDetail.m */,
				AD98E83A196F0EA200DAFFB5 /* GUCSketchSave.h */,
				AD98E83B196F0EA200DAFFB5 /* GUCSketchSave.m */,
				AD98E7B5196EEC3500DAFFB5 /* GUCCoreDataStack.h */,
				AD98E7B6196EEC3500DAFFB5 /* GUCCoreDataStack.m */,
			);
			name = "Core Data";
			sourceTree = "<group>";
		};
		AD98E80C196EF79A00DAFFB5 /* Helper */ = {
			isa = PBXGroup;
			children = (
				AD98E80D196EF7B300DAFFB5 /* GUCViewUtility.h */,
				AD98E80E196EF7B300DAFFB5 /* GUCViewUtility.m */,
			);
			name = Helper;
			sourceTree = "<group>";
		};
		AD98E88F19703E4500DAFFB5 /* Album */ = {
			isa = PBXGroup;
			children = (
				ADE09D1B19574CC000EDA814 /* GUCAlbumVC.h */,
				ADE09D1C19574CC000EDA814 /* GUCAlbumVC.m */,
			);
			name = Album;
			sourceTree = "<group>";
		};
		AD98E89019703E6B00DAFFB5 /* Album */ = {
			isa = PBXGroup;
			children = (
				AD98E89119703E8300DAFFB5 /* GUCAlbumCell.h */,
				AD98E89219703E8300DAFFB5 /* GUCAlbumCell.m */,
			);
			name = Album;
			sourceTree = "<group>";
		};
		ADDD921719576FB0000B1C0F /* Controllers */ = {
			isa = PBXGroup;
			children = (
				AD98E88F19703E4500DAFFB5 /* Album */,
				AD6AFA58195F2CCF0064090E /* Sketching */,
				AD7624B2195865210044366D /* Web Image Retrieve */,
			);
			name = Controllers;
			sourceTree = "<group>";
		};
		ADE09CD7195744D500EDA814 = {
			isa = PBXGroup;
			children = (
				AD7624B3195879D20044366D /* Podfile */,
				ADE09CE9195744D500EDA814 /* Creative Hub */,
				ADE09D08195744D500EDA814 /* Creative HubTests */,
				ADE09CE2195744D500EDA814 /* Frameworks */,
				ADE09CE1195744D500EDA814 /* Products */,
				C55A1ACEF2EF4E68A16EB308 /* Pods.xcconfig */,
			);
			sourceTree = "<group>";
		};
		ADE09CE1195744D500EDA814 /* Products */ = {
			isa = PBXGroup;
			children = (
				ADE09CE0195744D500EDA814 /* Creative Hub.app */,
				ADE09D01195744D500EDA814 /* Creative HubTests.xctest */,
			);
			name = Products;
			sourceTree = "<group>";
		};
		ADE09CE2195744D500EDA814 /* Frameworks */ = {
			isa = PBXGroup;
			children = (
				AD98E7AD196EEB3300DAFFB5 /* CoreData.framework */,
				ADE09D2F1957661F00EDA814 /* libxml2.dylib */,
				ADE09CE3195744D500EDA814 /* Foundation.framework */,
				ADE09CE5195744D500EDA814 /* CoreGraphics.framework */,
				ADE09CE7195744D500EDA814 /* UIKit.framework */,
				ADE09D02195744D500EDA814 /* XCTest.framework */,
				1D77226D6E0E4696B7802206 /* libPods.a */,
			);
			name = Frameworks;
			sourceTree = "<group>";
		};
		ADE09CE9195744D500EDA814 /* Creative Hub */ = {
			isa = PBXGroup;
			children = (
				ADE09CF2195744D500EDA814 /* GUCAppDelegate.h */,
				ADE09CF3195744D500EDA814 /* GUCAppDelegate.m */,
				ADE09CF5195744D500EDA814 /* Main.storyboard */,
				ADE09CFB195744D500EDA814 /* Images.xcassets */,
				AD6AFA5D195F50CE0064090E /* Models */,
				ADDD921719576FB0000B1C0F /* Controllers */,
				AD6AFA59195F2EA90064090E /* Views */,
				ADED55711969B23800090684 /* Helper */,
				ADE09CEA195744D500EDA814 /* Supporting Files */,
			);
			path = "Creative Hub";
			sourceTree = "<group>";
		};
		ADE09CEA195744D500EDA814 /* Supporting Files */ = {
			isa = PBXGroup;
			children = (
				AD2270F6195C50A9002B179A /* STFU_UIAccessibilityLoader.m */,
				ADE09CEB195744D500EDA814 /* Creative Hub-Info.plist */,
				ADE09CEC195744D500EDA814 /* InfoPlist.strings */,
				ADE09CEF195744D500EDA814 /* main.m */,
				ADE09CF1195744D500EDA814 /* Creative Hub-Prefix.pch */,
			);
			name = "Supporting Files";
			sourceTree = "<group>";
		};
		ADE09D08195744D500EDA814 /* Creative HubTests */ = {
			isa = PBXGroup;
			children = (
				ADE09D0E195744D500EDA814 /* Creative_HubTests.m */,
				ADE09D09195744D500EDA814 /* Supporting Files */,
			);
			path = "Creative HubTests";
			sourceTree = "<group>";
		};
		ADE09D09195744D500EDA814 /* Supporting Files */ = {
			isa = PBXGroup;
			children = (
				ADE09D0A195744D500EDA814 /* Creative HubTests-Info.plist */,
				ADE09D0B195744D500EDA814 /* InfoPlist.strings */,
			);
			name = "Supporting Files";
			sourceTree = "<group>";
		};
		ADED55711969B23800090684 /* Helper */ = {
			isa = PBXGroup;
			children = (
			);
			name = Helper;
			sourceTree = "<group>";
		};
/* End PBXGroup section */

/* Begin PBXNativeTarget section */
		ADE09CDF195744D500EDA814 /* Creative Hub */ = {
			isa = PBXNativeTarget;
			buildConfigurationList = ADE09D12195744D500EDA814 /* Build configuration list for PBXNativeTarget "Creative Hub" */;
			buildPhases = (
				7436CBBE9A0F479A8349F848 /* Check Pods Manifest.lock */,
				ADE09CDC195744D500EDA814 /* Sources */,
				ADE09CDD195744D500EDA814 /* Frameworks */,
				ADE09CDE195744D500EDA814 /* Resources */,
				7679D9FE806A4818A5328C43 /* Copy Pods Resources */,
			);
			buildRules = (
			);
			dependencies = (
			);
			name = "Creative Hub";
			productName = "Creative Hub";
			productReference = ADE09CE0195744D500EDA814 /* Creative Hub.app */;
			productType = "com.apple.product-type.application";
		};
		ADE09D00195744D500EDA814 /* Creative HubTests */ = {
			isa = PBXNativeTarget;
			buildConfigurationList = ADE09D15195744D500EDA814 /* Build configuration list for PBXNativeTarget "Creative HubTests" */;
			buildPhases = (
				ADE09CFD195744D500EDA814 /* Sources */,
				ADE09CFE195744D500EDA814 /* Frameworks */,
				ADE09CFF195744D500EDA814 /* Resources */,
			);
			buildRules = (
			);
			dependencies = (
				ADE09D07195744D500EDA814 /* PBXTargetDependency */,
			);
			name = "Creative HubTests";
			productName = "Creative HubTests";
			productReference = ADE09D01195744D500EDA814 /* Creative HubTests.xctest */;
			productType = "com.apple.product-type.bundle.unit-test";
		};
/* End PBXNativeTarget section */

/* Begin PBXProject section */
		ADE09CD8195744D500EDA814 /* Project object */ = {
			isa = PBXProject;
			attributes = {
				CLASSPREFIX = GC;
				LastUpgradeCheck = 0510;
				ORGANIZATIONNAME = "Chao Gu";
				TargetAttributes = {
					ADE09CDF195744D500EDA814 = {
						DevelopmentTeam = ETWTQ4R6PG;
					};
					ADE09D00195744D500EDA814 = {
						TestTargetID = ADE09CDF195744D500EDA814;
					};
				};
			};
			buildConfigurationList = ADE09CDB195744D500EDA814 /* Build configuration list for PBXProject "Creative Hub" */;
			compatibilityVersion = "Xcode 3.2";
			developmentRegion = English;
			hasScannedForEncodings = 0;
			knownRegions = (
				en,
				Base,
			);
			mainGroup = ADE09CD7195744D500EDA814;
			productRefGroup = ADE09CE1195744D500EDA814 /* Products */;
			projectDirPath = "";
			projectRoot = "";
			targets = (
				ADE09CDF195744D500EDA814 /* Creative Hub */,
				ADE09D00195744D500EDA814 /* Creative HubTests */,
			);
		};
/* End PBXProject section */

/* Begin PBXResourcesBuildPhase section */
		ADE09CDE195744D500EDA814 /* Resources */ = {
			isa = PBXResourcesBuildPhase;
			buildActionMask = 2147483647;
			files = (
				ADE09CFC195744D500EDA814 /* Images.xcassets in Resources */,
				ADE09CEE195744D500EDA814 /* InfoPlist.strings in Resources */,
				AD7624B4195879D20044366D /* Podfile in Resources */,
				ADE09CF7195744D500EDA814 /* Main.storyboard in Resources */,
			);
			runOnlyForDeploymentPostprocessing = 0;
		};
		ADE09CFF195744D500EDA814 /* Resources */ = {
			isa = PBXResourcesBuildPhase;
			buildActionMask = 2147483647;
			files = (
				ADE09D0D195744D500EDA814 /* InfoPlist.strings in Resources */,
			);
			runOnlyForDeploymentPostprocessing = 0;
		};
/* End PBXResourcesBuildPhase section */

/* Begin PBXShellScriptBuildPhase section */
		7436CBBE9A0F479A8349F848 /* Check Pods Manifest.lock */ = {
			isa = PBXShellScriptBuildPhase;
			buildActionMask = 2147483647;
			files = (
			);
			inputPaths = (
			);
			name = "Check Pods Manifest.lock";
			outputPaths = (
			);
			runOnlyForDeploymentPostprocessing = 0;
			shellPath = /bin/sh;
			shellScript = "diff \"${PODS_ROOT}/../Podfile.lock\" \"${PODS_ROOT}/Manifest.lock\" > /dev/null\nif [[ $? != 0 ]] ; then\n    cat << EOM\nerror: The sandbox is not in sync with the Podfile.lock. Run 'pod install' or update your CocoaPods installation.\nEOM\n    exit 1\nfi\n";
			showEnvVarsInLog = 0;
		};
		7679D9FE806A4818A5328C43 /* Copy Pods Resources */ = {
			isa = PBXShellScriptBuildPhase;
			buildActionMask = 2147483647;
			files = (
			);
			inputPaths = (
			);
			name = "Copy Pods Resources";
			outputPaths = (
			);
			runOnlyForDeploymentPostprocessing = 0;
			shellPath = /bin/sh;
			shellScript = "\"${SRCROOT}/Pods/Pods-resources.sh\"\n";
			showEnvVarsInLog = 0;
		};
/* End PBXShellScriptBuildPhase section */

/* Begin PBXSourcesBuildPhase section */
		ADE09CDC195744D500EDA814 /* Sources */ = {
			isa = PBXSourcesBuildPhase;
			buildActionMask = 2147483647;
			files = (
				AD7624B1195865140044366D /* GUCWebImagesIndexVC.m in Sources */,
				AD98E83C196F0EA200DAFFB5 /* GUCSketchSave.m in Sources */,
				ADA38F2D1961C975000420EE /* GUCLayer.m in Sources */,
				AD6AFA5C195F49E60064090E /* GUCSketchingView.m in Sources */,
				ADA40BCA196A0438005603F4 /* GUCColorPickerVC.m in Sources */,
				AD98E89319703E8300DAFFB5 /* GUCAlbumCell.m in Sources */,
				AD98E7B7196EEC3500DAFFB5 /* GUCCoreDataStack.m in Sources */,
				AD98E7B4196EEB8500DAFFB5 /* Creative_Hub.xcdatamodeld in Sources */,
				AD98E80F196EF7B300DAFFB5 /* GUCViewUtility.m in Sources */,
				ADE09D1D19574CC000EDA814 /* GUCAlbumVC.m in Sources */,
				AD09436F1967230B00CAB095 /* GUCWebImageCell.m in Sources */,
				AD98E88D19703C5B00DAFFB5 /* GUCCollectionViewDataSource.m in Sources */,
				AD6AFA57195F2CB80064090E /* GUCSketchingVC.m in Sources */,
				AD6AFA6A195F52270064090E /* GUCSketchingTools.m in Sources */,
				AD2270F7195C50A9002B179A /* STFU_UIAccessibilityLoader.m in Sources */,
				ADA38F2A1961C6B2000420EE /* GUCLayersVC.m in Sources */,
				ADE09CF4195744D500EDA814 /* GUCAppDelegate.m in Sources */,
				AD98E83F196F0EA200DAFFB5 /* GUCSketchSaveDetail.m in Sources */,
				ADE09CF0195744D500EDA814 /* main.m in Sources */,
				ADA38F271961C679000420EE /* GUCLayerCell.m in Sources */,
			);
			runOnlyForDeploymentPostprocessing = 0;
		};
		ADE09CFD195744D500EDA814 /* Sources */ = {
			isa = PBXSourcesBuildPhase;
			buildActionMask = 2147483647;
			files = (
				ADE09D0F195744D500EDA814 /* Creative_HubTests.m in Sources */,
			);
			runOnlyForDeploymentPostprocessing = 0;
		};
/* End PBXSourcesBuildPhase section */

/* Begin PBXTargetDependency section */
		ADE09D07195744D500EDA814 /* PBXTargetDependency */ = {
			isa = PBXTargetDependency;
			target = ADE09CDF195744D500EDA814 /* Creative Hub */;
			targetProxy = ADE09D06195744D500EDA814 /* PBXContainerItemProxy */;
		};
/* End PBXTargetDependency section */

/* Begin PBXVariantGroup section */
		ADE09CEC195744D500EDA814 /* InfoPlist.strings */ = {
			isa = PBXVariantGroup;
			children = (
				ADE09CED195744D500EDA814 /* en */,
			);
			name = InfoPlist.strings;
			sourceTree = "<group>";
		};
		ADE09CF5195744D500EDA814 /* Main.storyboard */ = {
			isa = PBXVariantGroup;
			children = (
				ADE09CF6195744D500EDA814 /* Base */,
			);
			name = Main.storyboard;
			sourceTree = "<group>";
		};
		ADE09D0B195744D500EDA814 /* InfoPlist.strings */ = {
			isa = PBXVariantGroup;
			children = (
				ADE09D0C195744D500EDA814 /* en */,
			);
			name = InfoPlist.strings;
			sourceTree = "<group>";
		};
/* End PBXVariantGroup section */

/* Begin XCBuildConfiguration section */
		ADE09D10195744D500EDA814 /* Debug */ = {
			isa = XCBuildConfiguration;
			buildSettings = {
				ALWAYS_SEARCH_USER_PATHS = NO;
				CLANG_CXX_LANGUAGE_STANDARD = "gnu++0x";
				CLANG_CXX_LIBRARY = "libc++";
				CLANG_ENABLE_MODULES = YES;
				CLANG_ENABLE_OBJC_ARC = YES;
				CLANG_WARN_BOOL_CONVERSION = YES;
				CLANG_WARN_CONSTANT_CONVERSION = YES;
				CLANG_WARN_DIRECT_OBJC_ISA_USAGE = YES_ERROR;
				CLANG_WARN_EMPTY_BODY = YES;
				CLANG_WARN_ENUM_CONVERSION = YES;
				CLANG_WARN_INT_CONVERSION = YES;
				CLANG_WARN_OBJC_ROOT_CLASS = YES_ERROR;
				CLANG_WARN__DUPLICATE_METHOD_MATCH = YES;
				"CODE_SIGN_IDENTITY[sdk=iphoneos*]" = "iPhone Developer";
				COPY_PHASE_STRIP = NO;
				GCC_C_LANGUAGE_STANDARD = gnu99;
				GCC_DYNAMIC_NO_PIC = NO;
				GCC_OPTIMIZATION_LEVEL = 0;
				GCC_PREPROCESSOR_DEFINITIONS = (
					"DEBUG=1",
					"$(inherited)",
				);
				GCC_SYMBOLS_PRIVATE_EXTERN = NO;
				GCC_WARN_64_TO_32_BIT_CONVERSION = YES;
				GCC_WARN_ABOUT_RETURN_TYPE = YES_ERROR;
				GCC_WARN_UNDECLARED_SELECTOR = YES;
				GCC_WARN_UNINITIALIZED_AUTOS = YES_AGGRESSIVE;
				GCC_WARN_UNUSED_FUNCTION = YES;
				GCC_WARN_UNUSED_VARIABLE = YES;
				HEADER_SEARCH_PATHS = (
					"$(inherited)",
					/Applications/Xcode.app/Contents/Developer/Toolchains/XcodeDefault.xctoolchain/usr/include,
				);
				IPHONEOS_DEPLOYMENT_TARGET = 7.0;
				ONLY_ACTIVE_ARCH = YES;
				SDKROOT = iphoneos;
			};
			name = Debug;
		};
		ADE09D11195744D500EDA814 /* Release */ = {
			isa = XCBuildConfiguration;
			buildSettings = {
				ALWAYS_SEARCH_USER_PATHS = NO;
				CLANG_CXX_LANGUAGE_STANDARD = "gnu++0x";
				CLANG_CXX_LIBRARY = "libc++";
				CLANG_ENABLE_MODULES = YES;
				CLANG_ENABLE_OBJC_ARC = YES;
				CLANG_WARN_BOOL_CONVERSION = YES;
				CLANG_WARN_CONSTANT_CONVERSION = YES;
				CLANG_WARN_DIRECT_OBJC_ISA_USAGE = YES_ERROR;
				CLANG_WARN_EMPTY_BODY = YES;
				CLANG_WARN_ENUM_CONVERSION = YES;
				CLANG_WARN_INT_CONVERSION = YES;
				CLANG_WARN_OBJC_ROOT_CLASS = YES_ERROR;
				CLANG_WARN__DUPLICATE_METHOD_MATCH = YES;
				"CODE_SIGN_IDENTITY[sdk=iphoneos*]" = "iPhone Developer";
				COPY_PHASE_STRIP = YES;
				ENABLE_NS_ASSERTIONS = NO;
				GCC_C_LANGUAGE_STANDARD = gnu99;
				GCC_WARN_64_TO_32_BIT_CONVERSION = YES;
				GCC_WARN_ABOUT_RETURN_TYPE = YES_ERROR;
				GCC_WARN_UNDECLARED_SELECTOR = YES;
				GCC_WARN_UNINITIALIZED_AUTOS = YES_AGGRESSIVE;
				GCC_WARN_UNUSED_FUNCTION = YES;
				GCC_WARN_UNUSED_VARIABLE = YES;
				HEADER_SEARCH_PATHS = (
					"$(inherited)",
					/Applications/Xcode.app/Contents/Developer/Toolchains/XcodeDefault.xctoolchain/usr/include,
				);
				IPHONEOS_DEPLOYMENT_TARGET = 7.0;
				SDKROOT = iphoneos;
				VALIDATE_PRODUCT = YES;
			};
			name = Release;
		};
		ADE09D13195744D500EDA814 /* Debug */ = {
			isa = XCBuildConfiguration;
			baseConfigurationReference = C55A1ACEF2EF4E68A16EB308 /* Pods.xcconfig */;
			buildSettings = {
				ASSETCATALOG_COMPILER_APPICON_NAME = AppIcon;
				ASSETCATALOG_COMPILER_LAUNCHIMAGE_NAME = LaunchImage;
				CODE_SIGN_IDENTITY = "iPhone Developer";
				GCC_PRECOMPILE_PREFIX_HEADER = YES;
				GCC_PREFIX_HEADER = "Creative Hub/Creative Hub-Prefix.pch";
				INFOPLIST_FILE = "Creative Hub/Creative Hub-Info.plist";
				IPHONEOS_DEPLOYMENT_TARGET = 7.0;
				PRODUCT_NAME = "$(TARGET_NAME)";
				WRAPPER_EXTENSION = app;
			};
			name = Debug;
		};
		ADE09D14195744D500EDA814 /* Release */ = {
			isa = XCBuildConfiguration;
			baseConfigurationReference = C55A1ACEF2EF4E68A16EB308 /* Pods.xcconfig */;
			buildSettings = {
				ASSETCATALOG_COMPILER_APPICON_NAME = AppIcon;
				ASSETCATALOG_COMPILER_LAUNCHIMAGE_NAME = LaunchImage;
				CODE_SIGN_IDENTITY = "iPhone Developer";
				GCC_PRECOMPILE_PREFIX_HEADER = YES;
				GCC_PREFIX_HEADER = "Creative Hub/Creative Hub-Prefix.pch";
				INFOPLIST_FILE = "Creative Hub/Creative Hub-Info.plist";
				IPHONEOS_DEPLOYMENT_TARGET = 7.0;
				PRODUCT_NAME = "$(TARGET_NAME)";
				WRAPPER_EXTENSION = app;
			};
			name = Release;
		};
		ADE09D16195744D500EDA814 /* Debug */ = {
			isa = XCBuildConfiguration;
			buildSettings = {
				BUNDLE_LOADER = "$(BUILT_PRODUCTS_DIR)/Creative Hub.app/Creative Hub";
				FRAMEWORK_SEARCH_PATHS = (
					"$(SDKROOT)/Developer/Library/Frameworks",
					"$(inherited)",
					"$(DEVELOPER_FRAMEWORKS_DIR)",
				);
				GCC_PRECOMPILE_PREFIX_HEADER = YES;
				GCC_PREFIX_HEADER = "Creative Hub/Creative Hub-Prefix.pch";
				GCC_PREPROCESSOR_DEFINITIONS = (
					"DEBUG=1",
					"$(inherited)",
				);
				INFOPLIST_FILE = "Creative HubTests/Creative HubTests-Info.plist";
				PRODUCT_NAME = "$(TARGET_NAME)";
				TEST_HOST = "$(BUNDLE_LOADER)";
				WRAPPER_EXTENSION = xctest;
			};
			name = Debug;
		};
		ADE09D17195744D500EDA814 /* Release */ = {
			isa = XCBuildConfiguration;
			buildSettings = {
				BUNDLE_LOADER = "$(BUILT_PRODUCTS_DIR)/Creative Hub.app/Creative Hub";
				FRAMEWORK_SEARCH_PATHS = (
					"$(SDKROOT)/Developer/Library/Frameworks",
					"$(inherited)",
					"$(DEVELOPER_FRAMEWORKS_DIR)",
				);
				GCC_PRECOMPILE_PREFIX_HEADER = YES;
				GCC_PREFIX_HEADER = "Creative Hub/Creative Hub-Prefix.pch";
				INFOPLIST_FILE = "Creative HubTests/Creative HubTests-Info.plist";
				PRODUCT_NAME = "$(TARGET_NAME)";
				TEST_HOST = "$(BUNDLE_LOADER)";
				WRAPPER_EXTENSION = xctest;
			};
			name = Release;
		};
/* End XCBuildConfiguration section */

/* Begin XCConfigurationList section */
		ADE09CDB195744D500EDA814 /* Build configuration list for PBXProject "Creative Hub" */ = {
			isa = XCConfigurationList;
			buildConfigurations = (
				ADE09D10195744D500EDA814 /* Debug */,
				ADE09D11195744D500EDA814 /* Release */,
			);
			defaultConfigurationIsVisible = 0;
			defaultConfigurationName = Release;
		};
		ADE09D12195744D500EDA814 /* Build configuration list for PBXNativeTarget "Creative Hub" */ = {
			isa = XCConfigurationList;
			buildConfigurations = (
				ADE09D13195744D500EDA814 /* Debug */,
				ADE09D14195744D500EDA814 /* Release */,
			);
			defaultConfigurationIsVisible = 0;
			defaultConfigurationName = Release;
		};
		ADE09D15195744D500EDA814 /* Build configuration list for PBXNativeTarget "Creative HubTests" */ = {
			isa = XCConfigurationList;
			buildConfigurations = (
				ADE09D16195744D500EDA814 /* Debug */,
				ADE09D17195744D500EDA814 /* Release */,
			);
			defaultConfigurationIsVisible = 0;
			defaultConfigurationName = Release;
		};
/* End XCConfigurationList section */

/* Begin XCVersionGroup section */
		AD98E7B2196EEB8500DAFFB5 /* Creative_Hub.xcdatamodeld */ = {
			isa = XCVersionGroup;
			children = (
				AD98E7B3196EEB8500DAFFB5 /* Creative_Hub.xcdatamodel */,
			);
			currentVersion = AD98E7B3196EEB8500DAFFB5 /* Creative_Hub.xcdatamodel */;
			name = Creative_Hub.xcdatamodeld;
			path = ../Creative_Hub.xcdatamodeld;
			sourceTree = "<group>";
			versionGroupType = wrapper.xcdatamodel;
		};
/* End XCVersionGroup section */
	};
	rootObject = ADE09CD8195744D500EDA814 /* Project object */;
}
